// !$*UTF8*$!
{
	archiveVersion = 1;
	classes = {
	};
	objectVersion = 56;
	objects = {

/* Begin PBXBuildFile section */
		8E6E15B92CA6593D003AB20B /* FlickrImageSearchApp.swift in Sources */ = {isa = PBXBuildFile; fileRef = 8E6E15B82CA6593D003AB20B /* FlickrImageSearchApp.swift */; };
		8E6E15BB2CA6593D003AB20B /* ContentView.swift in Sources */ = {isa = PBXBuildFile; fileRef = 8E6E15BA2CA6593D003AB20B /* ContentView.swift */; };
		8E6E15BD2CA6593E003AB20B /* Assets.xcassets in Resources */ = {isa = PBXBuildFile; fileRef = 8E6E15BC2CA6593E003AB20B /* Assets.xcassets */; };
		8E6E15C02CA6593E003AB20B /* Preview Assets.xcassets in Resources */ = {isa = PBXBuildFile; fileRef = 8E6E15BF2CA6593E003AB20B /* Preview Assets.xcassets */; };
		8E6E15C72CA6599B003AB20B /* ImageDetailView.swift in Sources */ = {isa = PBXBuildFile; fileRef = 8E6E15C62CA6599B003AB20B /* ImageDetailView.swift */; };
		8E6E15C92CA659C4003AB20B /* FlickrViewModel.swift in Sources */ = {isa = PBXBuildFile; fileRef = 8E6E15C82CA659C4003AB20B /* FlickrViewModel.swift */; };
		8E6E15D32CA65AB1003AB20B /* FlickrImageSearchTests.swift in Sources */ = {isa = PBXBuildFile; fileRef = 8E6E15D22CA65AB1003AB20B /* FlickrImageSearchTests.swift */; };
		8E6E15DA2CA65AD4003AB20B /* FlickrViewModelTests.swift in Sources */ = {isa = PBXBuildFile; fileRef = 8E6E15D92CA65AD4003AB20B /* FlickrViewModelTests.swift */; };
		8E6E15DD2CA65F9E003AB20B /* FlickrImage.swift in Sources */ = {isa = PBXBuildFile; fileRef = 8E6E15DC2CA65F9E003AB20B /* FlickrImage.swift */; };
		8E6E15DF2CA65FC6003AB20B /* FlickrResponse.swift in Sources */ = {isa = PBXBuildFile; fileRef = 8E6E15DE2CA65FC6003AB20B /* FlickrResponse.swift */; };
		8E6E15E72CA66116003AB20B /* ImageGridView.swift in Sources */ = {isa = PBXBuildFile; fileRef = 8E6E15E62CA66116003AB20B /* ImageGridView.swift */; };
		8E6E15EC2CA6619F003AB20B /* NetworkManager.swift in Sources */ = {isa = PBXBuildFile; fileRef = 8E6E15EB2CA6619F003AB20B /* NetworkManager.swift */; };
		8E6E15EE2CA66256003AB20B /* Extensions.swift in Sources */ = {isa = PBXBuildFile; fileRef = 8E6E15ED2CA66256003AB20B /* Extensions.swift */; };
		8EC5A2112CA7183D00277582 /* MockFlickrService.swift in Sources */ = {isa = PBXBuildFile; fileRef = 8EC5A2102CA7183D00277582 /* MockFlickrService.swift */; };
		8EC5A2132CA71B3800277582 /* ActivityView.swift in Sources */ = {isa = PBXBuildFile; fileRef = 8EC5A2122CA71B3800277582 /* ActivityView.swift */; };
		8EC5A2152CA71D0200277582 /* FlickerService.swift in Sources */ = {isa = PBXBuildFile; fileRef = 8EC5A2142CA71D0200277582 /* FlickerService.swift */; };
/* End PBXBuildFile section */

/* Begin PBXContainerItemProxy section */
		8E6E15D42CA65AB1003AB20B /* PBXContainerItemProxy */ = {
			isa = PBXContainerItemProxy;
			containerPortal = 8E6E15AD2CA6593D003AB20B /* Project object */;
			proxyType = 1;
			remoteGlobalIDString = 8E6E15B42CA6593D003AB20B;
			remoteInfo = FlickrImageSearch;
		};
/* End PBXContainerItemProxy section */

/* Begin PBXFileReference section */
		8E6E15B52CA6593D003AB20B /* FlickrImageSearch.app */ = {isa = PBXFileReference; explicitFileType = wrapper.application; includeInIndex = 0; path = FlickrImageSearch.app; sourceTree = BUILT_PRODUCTS_DIR; };
		8E6E15B82CA6593D003AB20B /* FlickrImageSearchApp.swift */ = {isa = PBXFileReference; lastKnownFileType = sourcecode.swift; path = FlickrImageSearchApp.swift; sourceTree = "<group>"; };
		8E6E15BA2CA6593D003AB20B /* ContentView.swift */ = {isa = PBXFileReference; lastKnownFileType = sourcecode.swift; path = ContentView.swift; sourceTree = "<group>"; };
		8E6E15BC2CA6593E003AB20B /* Assets.xcassets */ = {isa = PBXFileReference; lastKnownFileType = folder.assetcatalog; path = Assets.xcassets; sourceTree = "<group>"; };
		8E6E15BF2CA6593E003AB20B /* Preview Assets.xcassets */ = {isa = PBXFileReference; lastKnownFileType = folder.assetcatalog; path = "Preview Assets.xcassets"; sourceTree = "<group>"; };
		8E6E15C62CA6599B003AB20B /* ImageDetailView.swift */ = {isa = PBXFileReference; lastKnownFileType = sourcecode.swift; path = ImageDetailView.swift; sourceTree = "<group>"; };
		8E6E15C82CA659C4003AB20B /* FlickrViewModel.swift */ = {isa = PBXFileReference; lastKnownFileType = sourcecode.swift; path = FlickrViewModel.swift; sourceTree = "<group>"; };
		8E6E15D02CA65AB1003AB20B /* FlickrImageSearchTests.xctest */ = {isa = PBXFileReference; explicitFileType = wrapper.cfbundle; includeInIndex = 0; path = FlickrImageSearchTests.xctest; sourceTree = BUILT_PRODUCTS_DIR; };
		8E6E15D22CA65AB1003AB20B /* FlickrImageSearchTests.swift */ = {isa = PBXFileReference; lastKnownFileType = sourcecode.swift; path = FlickrImageSearchTests.swift; sourceTree = "<group>"; };
		8E6E15D92CA65AD4003AB20B /* FlickrViewModelTests.swift */ = {isa = PBXFileReference; lastKnownFileType = sourcecode.swift; path = FlickrViewModelTests.swift; sourceTree = "<group>"; };
		8E6E15DC2CA65F9E003AB20B /* FlickrImage.swift */ = {isa = PBXFileReference; lastKnownFileType = sourcecode.swift; path = FlickrImage.swift; sourceTree = "<group>"; };
		8E6E15DE2CA65FC6003AB20B /* FlickrResponse.swift */ = {isa = PBXFileReference; lastKnownFileType = sourcecode.swift; path = FlickrResponse.swift; sourceTree = "<group>"; };
		8E6E15E62CA66116003AB20B /* ImageGridView.swift */ = {isa = PBXFileReference; lastKnownFileType = sourcecode.swift; path = ImageGridView.swift; sourceTree = "<group>"; };
		8E6E15EB2CA6619F003AB20B /* NetworkManager.swift */ = {isa = PBXFileReference; lastKnownFileType = sourcecode.swift; path = NetworkManager.swift; sourceTree = "<group>"; };
		8E6E15ED2CA66256003AB20B /* Extensions.swift */ = {isa = PBXFileReference; lastKnownFileType = sourcecode.swift; path = Extensions.swift; sourceTree = "<group>"; };
		8EC5A2102CA7183D00277582 /* MockFlickrService.swift */ = {isa = PBXFileReference; lastKnownFileType = sourcecode.swift; path = MockFlickrService.swift; sourceTree = "<group>"; };
		8EC5A2122CA71B3800277582 /* ActivityView.swift */ = {isa = PBXFileReference; lastKnownFileType = sourcecode.swift; path = ActivityView.swift; sourceTree = "<group>"; };
		8EC5A2142CA71D0200277582 /* FlickerService.swift */ = {isa = PBXFileReference; lastKnownFileType = sourcecode.swift; path = FlickerService.swift; sourceTree = "<group>"; };
/* End PBXFileReference section */

/* Begin PBXFrameworksBuildPhase section */
		8E6E15B22CA6593D003AB20B /* Frameworks */ = {
			isa = PBXFrameworksBuildPhase;
			buildActionMask = 2147483647;
			files = (
			);
			runOnlyForDeploymentPostprocessing = 0;
		};
		8E6E15CD2CA65AB1003AB20B /* Frameworks */ = {
			isa = PBXFrameworksBuildPhase;
			buildActionMask = 2147483647;
			files = (
			);
			runOnlyForDeploymentPostprocessing = 0;
		};
/* End PBXFrameworksBuildPhase section */

/* Begin PBXGroup section */
		8E6E15AC2CA6593D003AB20B = {
			isa = PBXGroup;
			children = (
				8E6E15B72CA6593D003AB20B /* FlickrImageSearch */,
				8EC5A20F2CA7165A00277582 /* Supporting Files */,
				8E6E15D12CA65AB1003AB20B /* FlickrImageSearchTests */,
				8E6E15B62CA6593D003AB20B /* Products */,
			);
			sourceTree = "<group>";
		};
		8E6E15B62CA6593D003AB20B /* Products */ = {
			isa = PBXGroup;
			children = (
				8E6E15B52CA6593D003AB20B /* FlickrImageSearch.app */,
				8E6E15D02CA65AB1003AB20B /* FlickrImageSearchTests.xctest */,
			);
			name = Products;
			sourceTree = "<group>";
		};
		8E6E15B72CA6593D003AB20B /* FlickrImageSearch */ = {
			isa = PBXGroup;
			children = (
				8E6E15DB2CA65F8F003AB20B /* Models */,
				8E6E15E22CA6607B003AB20B /* ViewModels */,
				8E6E15E52CA660FA003AB20B /* Views */,
				8E6E15EA2CA66192003AB20B /* Utilities */,
				8EC5A20E2CA7160B00277582 /* Resources */,
				8E6E15BE2CA6593E003AB20B /* Preview Content */,
			);
			path = FlickrImageSearch;
			sourceTree = "<group>";
		};
		8E6E15BE2CA6593E003AB20B /* Preview Content */ = {
			isa = PBXGroup;
			children = (
				8E6E15BF2CA6593E003AB20B /* Preview Assets.xcassets */,
			);
			path = "Preview Content";
			sourceTree = "<group>";
		};
		8E6E15D12CA65AB1003AB20B /* FlickrImageSearchTests */ = {
			isa = PBXGroup;
			children = (
				8E6E15D22CA65AB1003AB20B /* FlickrImageSearchTests.swift */,
				8E6E15D92CA65AD4003AB20B /* FlickrViewModelTests.swift */,
				8EC5A2102CA7183D00277582 /* MockFlickrService.swift */,
			);
			path = FlickrImageSearchTests;
			sourceTree = "<group>";
		};
		8E6E15DB2CA65F8F003AB20B /* Models */ = {
			isa = PBXGroup;
			children = (
				8E6E15DC2CA65F9E003AB20B /* FlickrImage.swift */,
				8E6E15DE2CA65FC6003AB20B /* FlickrResponse.swift */,
			);
			path = Models;
			sourceTree = "<group>";
		};
		8E6E15E22CA6607B003AB20B /* ViewModels */ = {
			isa = PBXGroup;
			children = (
				8E6E15C82CA659C4003AB20B /* FlickrViewModel.swift */,
				8EC5A2142CA71D0200277582 /* FlickerService.swift */,
			);
			path = ViewModels;
			sourceTree = "<group>";
		};
		8E6E15E52CA660FA003AB20B /* Views */ = {
			isa = PBXGroup;
			children = (
				8E6E15BA2CA6593D003AB20B /* ContentView.swift */,
				8E6E15E62CA66116003AB20B /* ImageGridView.swift */,
				8E6E15C62CA6599B003AB20B /* ImageDetailView.swift */,
				8EC5A2122CA71B3800277582 /* ActivityView.swift */,
			);
			path = Views;
			sourceTree = "<group>";
		};
		8E6E15EA2CA66192003AB20B /* Utilities */ = {
			isa = PBXGroup;
			children = (
				8E6E15EB2CA6619F003AB20B /* NetworkManager.swift */,
				8E6E15ED2CA66256003AB20B /* Extensions.swift */,
			);
			path = Utilities;
			sourceTree = "<group>";
		};
		8EC5A20E2CA7160B00277582 /* Resources */ = {
			isa = PBXGroup;
			children = (
				8E6E15BC2CA6593E003AB20B /* Assets.xcassets */,
			);
			path = Resources;
			sourceTree = "<group>";
		};
		8EC5A20F2CA7165A00277582 /* Supporting Files */ = {
			isa = PBXGroup;
			children = (
				8E6E15B82CA6593D003AB20B /* FlickrImageSearchApp.swift */,
			);
			path = "Supporting Files";
			sourceTree = "<group>";
		};
/* End PBXGroup section */

/* Begin PBXNativeTarget section */
		8E6E15B42CA6593D003AB20B /* FlickrImageSearch */ = {
			isa = PBXNativeTarget;
			buildConfigurationList = 8E6E15C32CA6593E003AB20B /* Build configuration list for PBXNativeTarget "FlickrImageSearch" */;
			buildPhases = (
				8E6E15B12CA6593D003AB20B /* Sources */,
				8E6E15B22CA6593D003AB20B /* Frameworks */,
				8E6E15B32CA6593D003AB20B /* Resources */,
			);
			buildRules = (
			);
			dependencies = (
			);
			name = FlickrImageSearch;
			productName = FlickrImageSearch;
			productReference = 8E6E15B52CA6593D003AB20B /* FlickrImageSearch.app */;
			productType = "com.apple.product-type.application";
		};
		8E6E15CF2CA65AB1003AB20B /* FlickrImageSearchTests */ = {
			isa = PBXNativeTarget;
			buildConfigurationList = 8E6E15D62CA65AB1003AB20B /* Build configuration list for PBXNativeTarget "FlickrImageSearchTests" */;
			buildPhases = (
				8E6E15CC2CA65AB1003AB20B /* Sources */,
				8E6E15CD2CA65AB1003AB20B /* Frameworks */,
				8E6E15CE2CA65AB1003AB20B /* Resources */,
			);
			buildRules = (
			);
			dependencies = (
				8E6E15D52CA65AB1003AB20B /* PBXTargetDependency */,
			);
			name = FlickrImageSearchTests;
			productName = FlickrImageSearchTests;
			productReference = 8E6E15D02CA65AB1003AB20B /* FlickrImageSearchTests.xctest */;
			productType = "com.apple.product-type.bundle.unit-test";
		};
/* End PBXNativeTarget section */

/* Begin PBXProject section */
		8E6E15AD2CA6593D003AB20B /* Project object */ = {
			isa = PBXProject;
			attributes = {
				BuildIndependentTargetsInParallel = 1;
				LastSwiftUpdateCheck = 1540;
				LastUpgradeCheck = 1540;
				TargetAttributes = {
					8E6E15B42CA6593D003AB20B = {
						CreatedOnToolsVersion = 15.4;
					};
					8E6E15CF2CA65AB1003AB20B = {
						CreatedOnToolsVersion = 15.4;
						TestTargetID = 8E6E15B42CA6593D003AB20B;
					};
				};
			};
			buildConfigurationList = 8E6E15B02CA6593D003AB20B /* Build configuration list for PBXProject "FlickrImageSearch" */;
			compatibilityVersion = "Xcode 14.0";
			developmentRegion = en;
			hasScannedForEncodings = 0;
			knownRegions = (
				en,
				Base,
			);
			mainGroup = 8E6E15AC2CA6593D003AB20B;
			productRefGroup = 8E6E15B62CA6593D003AB20B /* Products */;
			projectDirPath = "";
			projectRoot = "";
			targets = (
				8E6E15B42CA6593D003AB20B /* FlickrImageSearch */,
				8E6E15CF2CA65AB1003AB20B /* FlickrImageSearchTests */,
			);
		};
/* End PBXProject section */

/* Begin PBXResourcesBuildPhase section */
		8E6E15B32CA6593D003AB20B /* Resources */ = {
			isa = PBXResourcesBuildPhase;
			buildActionMask = 2147483647;
			files = (
				8E6E15C02CA6593E003AB20B /* Preview Assets.xcassets in Resources */,
				8E6E15BD2CA6593E003AB20B /* Assets.xcassets in Resources */,
			);
			runOnlyForDeploymentPostprocessing = 0;
		};
		8E6E15CE2CA65AB1003AB20B /* Resources */ = {
			isa = PBXResourcesBuildPhase;
			buildActionMask = 2147483647;
			files = (
			);
			runOnlyForDeploymentPostprocessing = 0;
		};
/* End PBXResourcesBuildPhase section */

/* Begin PBXSourcesBuildPhase section */
		8E6E15B12CA6593D003AB20B /* Sources */ = {
			isa = PBXSourcesBuildPhase;
			buildActionMask = 2147483647;
			files = (
				8E6E15BB2CA6593D003AB20B /* ContentView.swift in Sources */,
				8E6E15EE2CA66256003AB20B /* Extensions.swift in Sources */,
				8E6E15DD2CA65F9E003AB20B /* FlickrImage.swift in Sources */,
				8EC5A2132CA71B3800277582 /* ActivityView.swift in Sources */,
				8E6E15E72CA66116003AB20B /* ImageGridView.swift in Sources */,
				8E6E15B92CA6593D003AB20B /* FlickrImageSearchApp.swift in Sources */,
				8E6E15EC2CA6619F003AB20B /* NetworkManager.swift in Sources */,
				8EC5A2152CA71D0200277582 /* FlickerService.swift in Sources */,
				8E6E15C72CA6599B003AB20B /* ImageDetailView.swift in Sources */,
				8E6E15C92CA659C4003AB20B /* FlickrViewModel.swift in Sources */,
				8E6E15DF2CA65FC6003AB20B /* FlickrResponse.swift in Sources */,
			);
			runOnlyForDeploymentPostprocessing = 0;
		};
		8E6E15CC2CA65AB1003AB20B /* Sources */ = {
			isa = PBXSourcesBuildPhase;
			buildActionMask = 2147483647;
			files = (
				8E6E15D32CA65AB1003AB20B /* FlickrImageSearchTests.swift in Sources */,
				8E6E15DA2CA65AD4003AB20B /* FlickrViewModelTests.swift in Sources */,
				8EC5A2112CA7183D00277582 /* MockFlickrService.swift in Sources */,
			);
			runOnlyForDeploymentPostprocessing = 0;
		};
/* End PBXSourcesBuildPhase section */

/* Begin PBXTargetDependency section */
		8E6E15D52CA65AB1003AB20B /* PBXTargetDependency */ = {
			isa = PBXTargetDependency;
			target = 8E6E15B42CA6593D003AB20B /* FlickrImageSearch */;
			targetProxy = 8E6E15D42CA65AB1003AB20B /* PBXContainerItemProxy */;
		};
/* End PBXTargetDependency section */

/* Begin XCBuildConfiguration section */
		8E6E15C12CA6593E003AB20B /* Debug */ = {
			isa = XCBuildConfiguration;
			buildSettings = {
				ALWAYS_SEARCH_USER_PATHS = NO;
				ASSETCATALOG_COMPILER_GENERATE_SWIFT_ASSET_SYMBOL_EXTENSIONS = YES;
				CLANG_ANALYZER_NONNULL = YES;
				CLANG_ANALYZER_NUMBER_OBJECT_CONVERSION = YES_AGGRESSIVE;
				CLANG_CXX_LANGUAGE_STANDARD = "gnu++20";
				CLANG_ENABLE_MODULES = YES;
				CLANG_ENABLE_OBJC_ARC = YES;
				CLANG_ENABLE_OBJC_WEAK = YES;
				CLANG_WARN_BLOCK_CAPTURE_AUTORELEASING = YES;
				CLANG_WARN_BOOL_CONVERSION = YES;
				CLANG_WARN_COMMA = YES;
				CLANG_WARN_CONSTANT_CONVERSION = YES;
				CLANG_WARN_DEPRECATED_OBJC_IMPLEMENTATIONS = YES;
				CLANG_WARN_DIRECT_OBJC_ISA_USAGE = YES_ERROR;
				CLANG_WARN_DOCUMENTATION_COMMENTS = YES;
				CLANG_WARN_EMPTY_BODY = YES;
				CLANG_WARN_ENUM_CONVERSION = YES;
				CLANG_WARN_INFINITE_RECURSION = YES;
				CLANG_WARN_INT_CONVERSION = YES;
				CLANG_WARN_NON_LITERAL_NULL_CONVERSION = YES;
				CLANG_WARN_OBJC_IMPLICIT_RETAIN_SELF = YES;
				CLANG_WARN_OBJC_LITERAL_CONVERSION = YES;
				CLANG_WARN_OBJC_ROOT_CLASS = YES_ERROR;
				CLANG_WARN_QUOTED_INCLUDE_IN_FRAMEWORK_HEADER = YES;
				CLANG_WARN_RANGE_LOOP_ANALYSIS = YES;
				CLANG_WARN_STRICT_PROTOTYPES = YES;
				CLANG_WARN_SUSPICIOUS_MOVE = YES;
				CLANG_WARN_UNGUARDED_AVAILABILITY = YES_AGGRESSIVE;
				CLANG_WARN_UNREACHABLE_CODE = YES;
				CLANG_WARN__DUPLICATE_METHOD_MATCH = YES;
				COPY_PHASE_STRIP = NO;
				DEBUG_INFORMATION_FORMAT = dwarf;
				ENABLE_STRICT_OBJC_MSGSEND = YES;
				ENABLE_TESTABILITY = YES;
				ENABLE_USER_SCRIPT_SANDBOXING = YES;
				GCC_C_LANGUAGE_STANDARD = gnu17;
				GCC_DYNAMIC_NO_PIC = NO;
				GCC_NO_COMMON_BLOCKS = YES;
				GCC_OPTIMIZATION_LEVEL = 0;
				GCC_PREPROCESSOR_DEFINITIONS = (
					"DEBUG=1",
					"$(inherited)",
				);
				GCC_WARN_64_TO_32_BIT_CONVERSION = YES;
				GCC_WARN_ABOUT_RETURN_TYPE = YES_ERROR;
				GCC_WARN_UNDECLARED_SELECTOR = YES;
				GCC_WARN_UNINITIALIZED_AUTOS = YES_AGGRESSIVE;
				GCC_WARN_UNUSED_FUNCTION = YES;
				GCC_WARN_UNUSED_VARIABLE = YES;
				IPHONEOS_DEPLOYMENT_TARGET = 17.5;
				LOCALIZATION_PREFERS_STRING_CATALOGS = YES;
				MTL_ENABLE_DEBUG_INFO = INCLUDE_SOURCE;
				MTL_FAST_MATH = YES;
				ONLY_ACTIVE_ARCH = YES;
				SDKROOT = iphoneos;
				SWIFT_ACTIVE_COMPILATION_CONDITIONS = "DEBUG $(inherited)";
				SWIFT_OPTIMIZATION_LEVEL = "-Onone";
			};
			name = Debug;
		};
		8E6E15C22CA6593E003AB20B /* Release */ = {
			isa = XCBuildConfiguration;
			buildSettings = {
				ALWAYS_SEARCH_USER_PATHS = NO;
				ASSETCATALOG_COMPILER_GENERATE_SWIFT_ASSET_SYMBOL_EXTENSIONS = YES;
				CLANG_ANALYZER_NONNULL = YES;
				CLANG_ANALYZER_NUMBER_OBJECT_CONVERSION = YES_AGGRESSIVE;
				CLANG_CXX_LANGUAGE_STANDARD = "gnu++20";
				CLANG_ENABLE_MODULES = YES;
				CLANG_ENABLE_OBJC_ARC = YES;
				CLANG_ENABLE_OBJC_WEAK = YES;
				CLANG_WARN_BLOCK_CAPTURE_AUTORELEASING = YES;
				CLANG_WARN_BOOL_CONVERSION = YES;
				CLANG_WARN_COMMA = YES;
				CLANG_WARN_CONSTANT_CONVERSION = YES;
				CLANG_WARN_DEPRECATED_OBJC_IMPLEMENTATIONS = YES;
				CLANG_WARN_DIRECT_OBJC_ISA_USAGE = YES_ERROR;
				CLANG_WARN_DOCUMENTATION_COMMENTS = YES;
				CLANG_WARN_EMPTY_BODY = YES;
				CLANG_WARN_ENUM_CONVERSION = YES;
				CLANG_WARN_INFINITE_RECURSION = YES;
				CLANG_WARN_INT_CONVERSION = YES;
				CLANG_WARN_NON_LITERAL_NULL_CONVERSION = YES;
				CLANG_WARN_OBJC_IMPLICIT_RETAIN_SELF = YES;
				CLANG_WARN_OBJC_LITERAL_CONVERSION = YES;
				CLANG_WARN_OBJC_ROOT_CLASS = YES_ERROR;
				CLANG_WARN_QUOTED_INCLUDE_IN_FRAMEWORK_HEADER = YES;
				CLANG_WARN_RANGE_LOOP_ANALYSIS = YES;
				CLANG_WARN_STRICT_PROTOTYPES = YES;
				CLANG_WARN_SUSPICIOUS_MOVE = YES;
				CLANG_WARN_UNGUARDED_AVAILABILITY = YES_AGGRESSIVE;
				CLANG_WARN_UNREACHABLE_CODE = YES;
				CLANG_WARN__DUPLICATE_METHOD_MATCH = YES;
				COPY_PHASE_STRIP = NO;
				DEBUG_INFORMATION_FORMAT = "dwarf-with-dsym";
				ENABLE_NS_ASSERTIONS = NO;
				ENABLE_STRICT_OBJC_MSGSEND = YES;
				ENABLE_USER_SCRIPT_SANDBOXING = YES;
				GCC_C_LANGUAGE_STANDARD = gnu17;
				GCC_NO_COMMON_BLOCKS = YES;
				GCC_WARN_64_TO_32_BIT_CONVERSION = YES;
				GCC_WARN_ABOUT_RETURN_TYPE = YES_ERROR;
				GCC_WARN_UNDECLARED_SELECTOR = YES;
				GCC_WARN_UNINITIALIZED_AUTOS = YES_AGGRESSIVE;
				GCC_WARN_UNUSED_FUNCTION = YES;
				GCC_WARN_UNUSED_VARIABLE = YES;
				IPHONEOS_DEPLOYMENT_TARGET = 17.5;
				LOCALIZATION_PREFERS_STRING_CATALOGS = YES;
				MTL_ENABLE_DEBUG_INFO = NO;
				MTL_FAST_MATH = YES;
				SDKROOT = iphoneos;
				SWIFT_COMPILATION_MODE = wholemodule;
				VALIDATE_PRODUCT = YES;
			};
			name = Release;
		};
		8E6E15C42CA6593E003AB20B /* Debug */ = {
			isa = XCBuildConfiguration;
			buildSettings = {
				ASSETCATALOG_COMPILER_APPICON_NAME = AppIcon;
				ASSETCATALOG_COMPILER_GLOBAL_ACCENT_COLOR_NAME = AccentColor;
				CODE_SIGN_STYLE = Automatic;
				CURRENT_PROJECT_VERSION = 1;
				DEVELOPMENT_ASSET_PATHS = "\"FlickrImageSearch/Preview Content\"";
				ENABLE_PREVIEWS = YES;
				GENERATE_INFOPLIST_FILE = YES;
				INFOPLIST_KEY_UIApplicationSceneManifest_Generation = YES;
				INFOPLIST_KEY_UIApplicationSupportsIndirectInputEvents = YES;
				INFOPLIST_KEY_UILaunchScreen_Generation = YES;
				INFOPLIST_KEY_UISupportedInterfaceOrientations_iPad = "UIInterfaceOrientationPortrait UIInterfaceOrientationPortraitUpsideDown UIInterfaceOrientationLandscapeLeft UIInterfaceOrientationLandscapeRight";
				INFOPLIST_KEY_UISupportedInterfaceOrientations_iPhone = "UIInterfaceOrientationPortrait UIInterfaceOrientationLandscapeLeft UIInterfaceOrientationLandscapeRight";
				LD_RUNPATH_SEARCH_PATHS = (
					"$(inherited)",
					"@executable_path/Frameworks",
				);
				MARKETING_VERSION = 1.0;
				PRODUCT_BUNDLE_IDENTIFIER = NYCSchools.FlickrImageSearch;
				PRODUCT_NAME = "$(TARGET_NAME)";
				SWIFT_EMIT_LOC_STRINGS = YES;
				SWIFT_VERSION = 5.0;
				TARGETED_DEVICE_FAMILY = "1,2";
			};
			name = Debug;
		};
		8E6E15C52CA6593E003AB20B /* Release */ = {
			isa = XCBuildConfiguration;
			buildSettings = {
				ASSETCATALOG_COMPILER_APPICON_NAME = AppIcon;
				ASSETCATALOG_COMPILER_GLOBAL_ACCENT_COLOR_NAME = AccentColor;
				CODE_SIGN_STYLE = Automatic;
				CURRENT_PROJECT_VERSION = 1;
				DEVELOPMENT_ASSET_PATHS = "\"FlickrImageSearch/Preview Content\"";
				ENABLE_PREVIEWS = YES;
				GENERATE_INFOPLIST_FILE = YES;
				INFOPLIST_KEY_UIApplicationSceneManifest_Generation = YES;
				INFOPLIST_KEY_UIApplicationSupportsIndirectInputEvents = YES;
				INFOPLIST_KEY_UILaunchScreen_Generation = YES;
				INFOPLIST_KEY_UISupportedInterfaceOrientations_iPad = "UIInterfaceOrientationPortrait UIInterfaceOrientationPortraitUpsideDown UIInterfaceOrientationLandscapeLeft UIInterfaceOrientationLandscapeRight";
				INFOPLIST_KEY_UISupportedInterfaceOrientations_iPhone = "UIInterfaceOrientationPortrait UIInterfaceOrientationLandscapeLeft UIInterfaceOrientationLandscapeRight";
				LD_RUNPATH_SEARCH_PATHS = (
					"$(inherited)",
					"@executable_path/Frameworks",
				);
				MARKETING_VERSION = 1.0;
				PRODUCT_BUNDLE_IDENTIFIER = NYCSchools.FlickrImageSearch;
				PRODUCT_NAME = "$(TARGET_NAME)";
				SWIFT_EMIT_LOC_STRINGS = YES;
				SWIFT_VERSION = 5.0;
				TARGETED_DEVICE_FAMILY = "1,2";
			};
			name = Release;
		};
		8E6E15D72CA65AB1003AB20B /* Debug */ = {
			isa = XCBuildConfiguration;
			buildSettings = {
				BUNDLE_LOADER = "$(TEST_HOST)";
				CODE_SIGN_STYLE = Automatic;
				CURRENT_PROJECT_VERSION = 1;
				GENERATE_INFOPLIST_FILE = YES;
				MARKETING_VERSION = 1.0;
				PRODUCT_BUNDLE_IDENTIFIER = NYCSchools.FlickrImageSearchTests;
				PRODUCT_NAME = "$(TARGET_NAME)";
				SWIFT_EMIT_LOC_STRINGS = NO;
				SWIFT_VERSION = 5.0;
				TARGETED_DEVICE_FAMILY = "1,2";
				TEST_HOST = "$(BUILT_PRODUCTS_DIR)/FlickrImageSearch.app/$(BUNDLE_EXECUTABLE_FOLDER_PATH)/FlickrImageSearch";
			};
			name = Debug;
		};
		8E6E15D82CA65AB1003AB20B /* Release */ = {
			isa = XCBuildConfiguration;
			buildSettings = {
				BUNDLE_LOADER = "$(TEST_HOST)";
				CODE_SIGN_STYLE = Automatic;
				CURRENT_PROJECT_VERSION = 1;
				GENERATE_INFOPLIST_FILE = YES;
				MARKETING_VERSION = 1.0;
				PRODUCT_BUNDLE_IDENTIFIER = NYCSchools.FlickrImageSearchTests;
				PRODUCT_NAME = "$(TARGET_NAME)";
				SWIFT_EMIT_LOC_STRINGS = NO;
				SWIFT_VERSION = 5.0;
				TARGETED_DEVICE_FAMILY = "1,2";
				TEST_HOST = "$(BUILT_PRODUCTS_DIR)/FlickrImageSearch.app/$(BUNDLE_EXECUTABLE_FOLDER_PATH)/FlickrImageSearch";
			};
			name = Release;
		};
/* End XCBuildConfiguration section */

/* Begin XCConfigurationList section */
		8E6E15B02CA6593D003AB20B /* Build configuration list for PBXProject "FlickrImageSearch" */ = {
			isa = XCConfigurationList;
			buildConfigurations = (
				8E6E15C12CA6593E003AB20B /* Debug */,
				8E6E15C22CA6593E003AB20B /* Release */,
			);
			defaultConfigurationIsVisible = 0;
			defaultConfigurationName = Release;
		};
		8E6E15C32CA6593E003AB20B /* Build configuration list for PBXNativeTarget "FlickrImageSearch" */ = {
			isa = XCConfigurationList;
			buildConfigurations = (
				8E6E15C42CA6593E003AB20B /* Debug */,
				8E6E15C52CA6593E003AB20B /* Release */,
			);
			defaultConfigurationIsVisible = 0;
			defaultConfigurationName = Release;
		};
		8E6E15D62CA65AB1003AB20B /* Build configuration list for PBXNativeTarget "FlickrImageSearchTests" */ = {
			isa = XCConfigurationList;
			buildConfigurations = (
				8E6E15D72CA65AB1003AB20B /* Debug */,
				8E6E15D82CA65AB1003AB20B /* Release */,
			);
			defaultConfigurationIsVisible = 0;
			defaultConfigurationName = Release;
		};
/* End XCConfigurationList section */
	};
	rootObject = 8E6E15AD2CA6593D003AB20B /* Project object */;
}
